schema: '2.0'
stages:
  data_ingestion:
    cmd: python src/data_ingestion.py
    deps:
    - path: src/data_ingestion.py
      hash: md5
      md5: c1c982af0e6d3a90eed5c2a6a1c611a7
      size: 3528
    outs:
    - path: data/raw
      hash: md5
      md5: 0ddc710218ffaede414a701808225e71.dir
      size: 484846
      nfiles: 2
  data_preprocessing:
    cmd: python src/data_preprocessing.py
    deps:
    - path: data/raw
      hash: md5
      md5: 0ddc710218ffaede414a701808225e71.dir
      size: 484846
      nfiles: 2
    - path: src/data_preprocessing.py
      hash: md5
      md5: a6caf0e470e9d2b8f5458a7240ea21b4
      size: 3866
    outs:
    - path: data/interim
      hash: md5
      md5: cb4fd6186b4d1ebf37cc7aedd9fb67d6.dir
      size: 263157
      nfiles: 2
  feature_engineering:
    cmd: python src/feature_engineering.py
    deps:
    - path: data/interim
      hash: md5
      md5: cb4fd6186b4d1ebf37cc7aedd9fb67d6.dir
      size: 263157
      nfiles: 2
    - path: src/feature_engineering.py
      hash: md5
      md5: dbeb0fcfc3c436c6d64bca20f53b2af2
      size: 3799
    outs:
    - path: data/processed
      hash: md5
      md5: f89b7252cd77c313f7c81aed27856f00.dir
      size: 1188569
      nfiles: 2
  model_building:
    cmd: python src/model_building.py
    deps:
    - path: data/processed
      hash: md5
      md5: f89b7252cd77c313f7c81aed27856f00.dir
      size: 1188569
      nfiles: 2
    - path: src/model_building.py
      hash: md5
      md5: cb8db85c5ac0562f59052e375d13e9c1
      size: 4359
    outs:
    - path: models/model.pkl
      hash: md5
      md5: e02ab18d363b6d0e2fcd3fb52f5f5698
      size: 535712
  model_evaluation:
    cmd: python src/model_evaluation.py
    deps:
    - path: models/model.pkl
      hash: md5
      md5: e02ab18d363b6d0e2fcd3fb52f5f5698
      size: 535712
    - path: src/model_evaluation.py
      hash: md5
      md5: 7d3c1ee2b0445ca7324aa9893eb1c413
      size: 4677
    outs:
    - path: reports/metrics.json
      hash: md5
      md5: 0f8ba85d0d5835a300a60aaca47a664f
      size: 145
